// !$*UTF8*$!
{
	archiveVersion = 1;
	classes = {
	};
	objectVersion = 77;
	objects = {

/* Begin PBXBuildFile section */
		A85B7CCE2E10FCF900DD3D1E /* Auth in Frameworks */ = {isa = PBXBuildFile; productRef = A85B7CCD2E10FCF900DD3D1E /* Auth */; };
		A85B7CD02E10FCF900DD3D1E /* Functions in Frameworks */ = {isa = PBXBuildFile; productRef = A85B7CCF2E10FCF900DD3D1E /* Functions */; };
		A85B7CD22E10FCF900DD3D1E /* PostgREST in Frameworks */ = {isa = PBXBuildFile; productRef = A85B7CD12E10FCF900DD3D1E /* PostgREST */; };
		A85B7CD42E10FCF900DD3D1E /* Realtime in Frameworks */ = {isa = PBXBuildFile; productRef = A85B7CD32E10FCF900DD3D1E /* Realtime */; };
		A85B7CD62E10FCF900DD3D1E /* Storage in Frameworks */ = {isa = PBXBuildFile; productRef = A85B7CD52E10FCF900DD3D1E /* Storage */; };
		A85B7CD82E10FCF900DD3D1E /* Supabase in Frameworks */ = {isa = PBXBuildFile; productRef = A85B7CD72E10FCF900DD3D1E /* Supabase */; };
/* End PBXBuildFile section */

/* Begin PBXFileReference section */
		37ADC3B22E045D3F002B65EF /* NutriMasr.app */ = {isa = PBXFileReference; explicitFileType = wrapper.application; includeInIndex = 0; path = NutriMasr.app; sourceTree = BUILT_PRODUCTS_DIR; };
/* End PBXFileReference section */

/* Begin PBXFileSystemSynchronizedRootGroup section */
		37ADC3B42E045D3F002B65EF /* NutriMasr */ = {
			isa = PBXFileSystemSynchronizedRootGroup;
			path = NutriMasr;
			sourceTree = "<group>";
		};
/* End PBXFileSystemSynchronizedRootGroup section */

/* Begin PBXFrameworksBuildPhase section */
		37ADC3AF2E045D3F002B65EF /* Frameworks */ = {
			isa = PBXFrameworksBuildPhase;
			buildActionMask = 2147483647;
			files = (
				A85B7CD22E10FCF900DD3D1E /* PostgREST in Frameworks */,
				A85B7CD02E10FCF900DD3D1E /* Functions in Frameworks */,
				A85B7CD82E10FCF900DD3D1E /* Supabase in Frameworks */,
				A85B7CCE2E10FCF900DD3D1E /* Auth in Frameworks */,
				A85B7CD62E10FCF900DD3D1E /* Storage in Frameworks */,
				A85B7CD42E10FCF900DD3D1E /* Realtime in Frameworks */,
			);
			runOnlyForDeploymentPostprocessing = 0;
		};
/* End PBXFrameworksBuildPhase section */

/* Begin PBXGroup section */
		37ADC3A92E045D3F002B65EF = {
			isa = PBXGroup;
			children = (
				37ADC3B42E045D3F002B65EF /* NutriMasr */,
				A85B7CD92E10FE7600DD3D1E /* Frameworks */,
				37ADC3B32E045D3F002B65EF /* Products */,
			);
			sourceTree = "<group>";
		};
		37ADC3B32E045D3F002B65EF /* Products */ = {
			isa = PBXGroup;
			children = (
				37ADC3B22E045D3F002B65EF /* NutriMasr.app */,
			);
			name = Products;
			sourceTree = "<group>";
		};
		A85B7CD92E10FE7600DD3D1E /* Frameworks */ = {
			isa = PBXGroup;
			children = (
			);
			name = Frameworks;
			sourceTree = "<group>";
		};
/* End PBXGroup section */

/* Begin PBXNativeTarget section */
		37ADC3B12E045D3F002B65EF /* NutriMasr */ = {
			isa = PBXNativeTarget;
			buildConfigurationList = 37ADC3C02E045D41002B65EF /* Build configuration list for PBXNativeTarget "NutriMasr" */;
			buildPhases = (
				37ADC3AE2E045D3F002B65EF /* Sources */,
				37ADC3AF2E045D3F002B65EF /* Frameworks */,
				37ADC3B02E045D3F002B65EF /* Resources */,
			);
			buildRules = (
			);
			dependencies = (
			);
			fileSystemSynchronizedGroups = (
				37ADC3B42E045D3F002B65EF /* NutriMasr */,
			);
			name = NutriMasr;
			packageProductDependencies = (
				A85B7CCD2E10FCF900DD3D1E /* Auth */,
				A85B7CCF2E10FCF900DD3D1E /* Functions */,
				A85B7CD12E10FCF900DD3D1E /* PostgREST */,
				A85B7CD32E10FCF900DD3D1E /* Realtime */,
				A85B7CD52E10FCF900DD3D1E /* Storage */,
				A85B7CD72E10FCF900DD3D1E /* Supabase */,
			);
			productName = NutriMasr;
			productReference = 37ADC3B22E045D3F002B65EF /* NutriMasr.app */;
			productType = "com.apple.product-type.application";
		};
/* End PBXNativeTarget section */

/* Begin PBXProject section */
		37ADC3AA2E045D3F002B65EF /* Project object */ = {
			isa = PBXProject;
			attributes = {
				BuildIndependentTargetsInParallel = 1;
				LastSwiftUpdateCheck = 1620;
				LastUpgradeCheck = 1640;
				TargetAttributes = {
					37ADC3B12E045D3F002B65EF = {
						CreatedOnToolsVersion = 16.2;
					};
				};
			};
			buildConfigurationList = 37ADC3AD2E045D3F002B65EF /* Build configuration list for PBXProject "NutriMasr" */;
			developmentRegion = en;
			hasScannedForEncodings = 0;
			knownRegions = (
				en,
				Base,
			);
			mainGroup = 37ADC3A92E045D3F002B65EF;
			minimizedProjectReferenceProxies = 1;
			packageReferences = (
				A85B7CCC2E10FCF900DD3D1E /* XCRemoteSwiftPackageReference "supabase-swift" */,
			);
			preferredProjectObjectVersion = 77;
			productRefGroup = 37ADC3B32E045D3F002B65EF /* Products */;
			projectDirPath = "";
			projectRoot = "";
			targets = (
				37ADC3B12E045D3F002B65EF /* NutriMasr */,
			);
		};
/* End PBXProject section */

/* Begin PBXResourcesBuildPhase section */
		37ADC3B02E045D3F002B65EF /* Resources */ = {
			isa = PBXResourcesBuildPhase;
			buildActionMask = 2147483647;
			files = (
			);
			runOnlyForDeploymentPostprocessing = 0;
		};
/* End PBXResourcesBuildPhase section */

/* Begin PBXSourcesBuildPhase section */
		37ADC3AE2E045D3F002B65EF /* Sources */ = {
			isa = PBXSourcesBuildPhase;
			buildActionMask = 2147483647;
			files = (
			);
			runOnlyForDeploymentPostprocessing = 0;
		};
/* End PBXSourcesBuildPhase section */

/* Begin XCBuildConfiguration section */
		37ADC3BE2E045D41002B65EF /* Debug */ = {
			isa = XCBuildConfiguration;
			buildSettings = {
				ALWAYS_SEARCH_USER_PATHS = NO;
				ASSETCATALOG_COMPILER_GENERATE_SWIFT_ASSET_SYMBOL_EXTENSIONS = YES;
				CLANG_ANALYZER_NONNULL = YES;
				CLANG_ANALYZER_NUMBER_OBJECT_CONVERSION = YES_AGGRESSIVE;
				CLANG_CXX_LANGUAGE_STANDARD = "gnu++20";
				CLANG_ENABLE_MODULES = YES;
				CLANG_ENABLE_OBJC_ARC = YES;
				CLANG_ENABLE_OBJC_WEAK = YES;
				CLANG_WARN_BLOCK_CAPTURE_AUTORELEASING = YES;
				CLANG_WARN_BOOL_CONVERSION = YES;
				CLANG_WARN_COMMA = YES;
				CLANG_WARN_CONSTANT_CONVERSION = YES;
				CLANG_WARN_DEPRECATED_OBJC_IMPLEMENTATIONS = YES;
				CLANG_WARN_DIRECT_OBJC_ISA_USAGE = YES_ERROR;
				CLANG_WARN_DOCUMENTATION_COMMENTS = YES;
				CLANG_WARN_EMPTY_BODY = YES;
				CLANG_WARN_ENUM_CONVERSION = YES;
				CLANG_WARN_INFINITE_RECURSION = YES;
				CLANG_WARN_INT_CONVERSION = YES;
				CLANG_WARN_NON_LITERAL_NULL_CONVERSION = YES;
				CLANG_WARN_OBJC_IMPLICIT_RETAIN_SELF = YES;
				CLANG_WARN_OBJC_LITERAL_CONVERSION = YES;
				CLANG_WARN_OBJC_ROOT_CLASS = YES_ERROR;
				CLANG_WARN_QUOTED_INCLUDE_IN_FRAMEWORK_HEADER = YES;
				CLANG_WARN_RANGE_LOOP_ANALYSIS = YES;
				CLANG_WARN_STRICT_PROTOTYPES = YES;
				CLANG_WARN_SUSPICIOUS_MOVE = YES;
				CLANG_WARN_UNGUARDED_AVAILABILITY = YES_AGGRESSIVE;
				CLANG_WARN_UNREACHABLE_CODE = YES;
				CLANG_WARN__DUPLICATE_METHOD_MATCH = YES;
				COPY_PHASE_STRIP = NO;
				DEBUG_INFORMATION_FORMAT = dwarf;
				DEVELOPMENT_TEAM = DS7DK44JC9;
				ENABLE_STRICT_OBJC_MSGSEND = YES;
				ENABLE_TESTABILITY = YES;
				ENABLE_USER_SCRIPT_SANDBOXING = YES;
				GCC_C_LANGUAGE_STANDARD = gnu17;
				GCC_DYNAMIC_NO_PIC = NO;
				GCC_NO_COMMON_BLOCKS = YES;
				GCC_OPTIMIZATION_LEVEL = 0;
				GCC_PREPROCESSOR_DEFINITIONS = (
					"DEBUG=1",
					"$(inherited)",
				);
				GCC_WARN_64_TO_32_BIT_CONVERSION = YES;
				GCC_WARN_ABOUT_RETURN_TYPE = YES_ERROR;
				GCC_WARN_UNDECLARED_SELECTOR = YES;
				GCC_WARN_UNINITIALIZED_AUTOS = YES_AGGRESSIVE;
				GCC_WARN_UNUSED_FUNCTION = YES;
				GCC_WARN_UNUSED_VARIABLE = YES;
				IPHONEOS_DEPLOYMENT_TARGET = 18.2;
				LOCALIZATION_PREFERS_STRING_CATALOGS = YES;
				MTL_ENABLE_DEBUG_INFO = INCLUDE_SOURCE;
				MTL_FAST_MATH = YES;
				ONLY_ACTIVE_ARCH = YES;
				SDKROOT = iphoneos;
				SWIFT_ACTIVE_COMPILATION_CONDITIONS = "DEBUG $(inherited)";
				SWIFT_OPTIMIZATION_LEVEL = "-Onone";
			};
			name = Debug;
		};
		37ADC3BF2E045D41002B65EF /* Release */ = {
			isa = XCBuildConfiguration;
			buildSettings = {
				ALWAYS_SEARCH_USER_PATHS = NO;
				ASSETCATALOG_COMPILER_GENERATE_SWIFT_ASSET_SYMBOL_EXTENSIONS = YES;
				CLANG_ANALYZER_NONNULL = YES;
				CLANG_ANALYZER_NUMBER_OBJECT_CONVERSION = YES_AGGRESSIVE;
				CLANG_CXX_LANGUAGE_STANDARD = "gnu++20";
				CLANG_ENABLE_MODULES = YES;
				CLANG_ENABLE_OBJC_ARC = YES;
				CLANG_ENABLE_OBJC_WEAK = YES;
				CLANG_WARN_BLOCK_CAPTURE_AUTORELEASING = YES;
				CLANG_WARN_BOOL_CONVERSION = YES;
				CLANG_WARN_COMMA = YES;
				CLANG_WARN_CONSTANT_CONVERSION = YES;
				CLANG_WARN_DEPRECATED_OBJC_IMPLEMENTATIONS = YES;
				CLANG_WARN_DIRECT_OBJC_ISA_USAGE = YES_ERROR;
				CLANG_WARN_DOCUMENTATION_COMMENTS = YES;
				CLANG_WARN_EMPTY_BODY = YES;
				CLANG_WARN_ENUM_CONVERSION = YES;
				CLANG_WARN_INFINITE_RECURSION = YES;
				CLANG_WARN_INT_CONVERSION = YES;
				CLANG_WARN_NON_LITERAL_NULL_CONVERSION = YES;
				CLANG_WARN_OBJC_IMPLICIT_RETAIN_SELF = YES;
				CLANG_WARN_OBJC_LITERAL_CONVERSION = YES;
				CLANG_WARN_OBJC_ROOT_CLASS = YES_ERROR;
				CLANG_WARN_QUOTED_INCLUDE_IN_FRAMEWORK_HEADER = YES;
				CLANG_WARN_RANGE_LOOP_ANALYSIS = YES;
				CLANG_WARN_STRICT_PROTOTYPES = YES;
				CLANG_WARN_SUSPICIOUS_MOVE = YES;
				CLANG_WARN_UNGUARDED_AVAILABILITY = YES_AGGRESSIVE;
				CLANG_WARN_UNREACHABLE_CODE = YES;
				CLANG_WARN__DUPLICATE_METHOD_MATCH = YES;
				COPY_PHASE_STRIP = NO;
				DEBUG_INFORMATION_FORMAT = "dwarf-with-dsym";
				DEVELOPMENT_TEAM = DS7DK44JC9;
				ENABLE_NS_ASSERTIONS = NO;
				ENABLE_STRICT_OBJC_MSGSEND = YES;
				ENABLE_USER_SCRIPT_SANDBOXING = YES;
				GCC_C_LANGUAGE_STANDARD = gnu17;
				GCC_NO_COMMON_BLOCKS = YES;
				GCC_WARN_64_TO_32_BIT_CONVERSION = YES;
				GCC_WARN_ABOUT_RETURN_TYPE = YES_ERROR;
				GCC_WARN_UNDECLARED_SELECTOR = YES;
				GCC_WARN_UNINITIALIZED_AUTOS = YES_AGGRESSIVE;
				GCC_WARN_UNUSED_FUNCTION = YES;
				GCC_WARN_UNUSED_VARIABLE = YES;
				IPHONEOS_DEPLOYMENT_TARGET = 18.2;
				LOCALIZATION_PREFERS_STRING_CATALOGS = YES;
				MTL_ENABLE_DEBUG_INFO = NO;
				MTL_FAST_MATH = YES;
				SDKROOT = iphoneos;
				SWIFT_COMPILATION_MODE = wholemodule;
				VALIDATE_PRODUCT = YES;
			};
			name = Release;
		};
		37ADC3C12E045D41002B65EF /* Debug */ = {
			isa = XCBuildConfiguration;
			buildSettings = {
				ASSETCATALOG_COMPILER_APPICON_NAME = AppIcon;
				ASSETCATALOG_COMPILER_GLOBAL_ACCENT_COLOR_NAME = AccentColor;
				CODE_SIGN_STYLE = Automatic;
				CURRENT_PROJECT_VERSION = 1;
				DEVELOPMENT_ASSET_PATHS = "\"NutriMasr/Preview Content\"";
				ENABLE_PREVIEWS = YES;
				GENERATE_INFOPLIST_FILE = YES;
				INFOPLIST_KEY_NSCameraUsageDescription = "Your camer would be used to scan product bar codes.";
				INFOPLIST_KEY_UIApplicationSceneManifest_Generation = YES;
				INFOPLIST_KEY_UIApplicationSupportsIndirectInputEvents = YES;
				INFOPLIST_KEY_UILaunchScreen_Generation = YES;
				INFOPLIST_KEY_UISupportedInterfaceOrientations_iPad = "UIInterfaceOrientationPortrait UIInterfaceOrientationPortraitUpsideDown UIInterfaceOrientationLandscapeLeft UIInterfaceOrientationLandscapeRight";
				INFOPLIST_KEY_UISupportedInterfaceOrientations_iPhone = "UIInterfaceOrientationPortrait UIInterfaceOrientationLandscapeLeft UIInterfaceOrientationLandscapeRight";
				LD_RUNPATH_SEARCH_PATHS = (
					"$(inherited)",
					"@executable_path/Frameworks",
				);
				MARKETING_VERSION = 1.0;
				PRODUCT_BUNDLE_IDENTIFIER = com.mark.NutriMasr;
				PRODUCT_NAME = "$(TARGET_NAME)";
				SWIFT_EMIT_LOC_STRINGS = YES;
				SWIFT_VERSION = 5.0;
				TARGETED_DEVICE_FAMILY = "1,2";
			};
			name = Debug;
		};
		37ADC3C22E045D41002B65EF /* Release */ = {
			isa = XCBuildConfiguration;
			buildSettings = {
				ASSETCATALOG_COMPILER_APPICON_NAME = AppIcon;
				ASSETCATALOG_COMPILER_GLOBAL_ACCENT_COLOR_NAME = AccentColor;
				CODE_SIGN_STYLE = Automatic;
				CURRENT_PROJECT_VERSION = 1;
				DEVELOPMENT_ASSET_PATHS = "\"NutriMasr/Preview Content\"";
				ENABLE_PREVIEWS = YES;
				GENERATE_INFOPLIST_FILE = YES;
				INFOPLIST_KEY_NSCameraUsageDescription = "Your camer would be used to scan product bar codes.";
				INFOPLIST_KEY_UIApplicationSceneManifest_Generation = YES;
				INFOPLIST_KEY_UIApplicationSupportsIndirectInputEvents = YES;
				INFOPLIST_KEY_UILaunchScreen_Generation = YES;
				INFOPLIST_KEY_UISupportedInterfaceOrientations_iPad = "UIInterfaceOrientationPortrait UIInterfaceOrientationPortraitUpsideDown UIInterfaceOrientationLandscapeLeft UIInterfaceOrientationLandscapeRight";
				INFOPLIST_KEY_UISupportedInterfaceOrientations_iPhone = "UIInterfaceOrientationPortrait UIInterfaceOrientationLandscapeLeft UIInterfaceOrientationLandscapeRight";
				LD_RUNPATH_SEARCH_PATHS = (
					"$(inherited)",
					"@executable_path/Frameworks",
				);
				MARKETING_VERSION = 1.0;
				PRODUCT_BUNDLE_IDENTIFIER = com.mark.NutriMasr;
				PRODUCT_NAME = "$(TARGET_NAME)";
				SWIFT_EMIT_LOC_STRINGS = YES;
				SWIFT_VERSION = 5.0;
				TARGETED_DEVICE_FAMILY = "1,2";
			};
			name = Release;
		};
/* End XCBuildConfiguration section */

/* Begin XCConfigurationList section */
		37ADC3AD2E045D3F002B65EF /* Build configuration list for PBXProject "NutriMasr" */ = {
			isa = XCConfigurationList;
			buildConfigurations = (
				37ADC3BE2E045D41002B65EF /* Debug */,
				37ADC3BF2E045D41002B65EF /* Release */,
			);
			defaultConfigurationIsVisible = 0;
			defaultConfigurationName = Release;
		};
		37ADC3C02E045D41002B65EF /* Build configuration list for PBXNativeTarget "NutriMasr" */ = {
			isa = XCConfigurationList;
			buildConfigurations = (
				37ADC3C12E045D41002B65EF /* Debug */,
				37ADC3C22E045D41002B65EF /* Release */,
			);
			defaultConfigurationIsVisible = 0;
			defaultConfigurationName = Release;
		};
/* End XCConfigurationList section */

/* Begin XCRemoteSwiftPackageReference section */
		A85B7CCC2E10FCF900DD3D1E /* XCRemoteSwiftPackageReference "supabase-swift" */ = {
			isa = XCRemoteSwiftPackageReference;
			repositoryURL = "https://github.com/supabase/supabase-swift";
			requirement = {
				kind = upToNextMajorVersion;
				minimumVersion = 2.5.1;
			};
		};
/* End XCRemoteSwiftPackageReference section */

/* Begin XCSwiftPackageProductDependency section */
		A85B7CCD2E10FCF900DD3D1E /* Auth */ = {
			isa = XCSwiftPackageProductDependency;
			package = A85B7CCC2E10FCF900DD3D1E /* XCRemoteSwiftPackageReference "supabase-swift" */;
			productName = Auth;
		};
		A85B7CCF2E10FCF900DD3D1E /* Functions */ = {
			isa = XCSwiftPackageProductDependency;
			package = A85B7CCC2E10FCF900DD3D1E /* XCRemoteSwiftPackageReference "supabase-swift" */;
			productName = Functions;
		};
		A85B7CD12E10FCF900DD3D1E /* PostgREST */ = {
			isa = XCSwiftPackageProductDependency;
			package = A85B7CCC2E10FCF900DD3D1E /* XCRemoteSwiftPackageReference "supabase-swift" */;
			productName = PostgREST;
		};
		A85B7CD32E10FCF900DD3D1E /* Realtime */ = {
			isa = XCSwiftPackageProductDependency;
			package = A85B7CCC2E10FCF900DD3D1E /* XCRemoteSwiftPackageReference "supabase-swift" */;
			productName = Realtime;
		};
		A85B7CD52E10FCF900DD3D1E /* Storage */ = {
			isa = XCSwiftPackageProductDependency;
			package = A85B7CCC2E10FCF900DD3D1E /* XCRemoteSwiftPackageReference "supabase-swift" */;
			productName = Storage;
		};
		A85B7CD72E10FCF900DD3D1E /* Supabase */ = {
			isa = XCSwiftPackageProductDependency;
			package = A85B7CCC2E10FCF900DD3D1E /* XCRemoteSwiftPackageReference "supabase-swift" */;
			productName = Supabase;
		};
/* End XCSwiftPackageProductDependency section */
	};
	rootObject = 37ADC3AA2E045D3F002B65EF /* Project object */;
}
